
Microsoft Visual Studio Solution File, Format Version 12.00
# Visual Studio Version 16
VisualStudioVersion = 16.0.30717.126
MinimumVisualStudioVersion = 10.0.40219.1
Project("{FAE04EC0-301F-11D3-BF4B-00C04F79EFBC}") = "XLog", "XLog.csproj", "{28BC02F6-102E-48A8-B936-2DD1ED848B6B}"
EndProject
Global
	GlobalSection(SolutionConfigurationPlatforms) = preSolution
		Debug|Any CPU = Debug|Any CPU
		Release|Any CPU = Release|Any CPU
	EndGlobalSection
	GlobalSection(ProjectConfigurationPlatforms) = postSolution
		{28BC02F6-102E-48A8-B936-2DD1ED848B6B}.Debug|Any CPU.ActiveCfg = Debug|Any CPU
		{28BC02F6-102E-48A8-B936-2DD1ED848B6B}.Debug|Any CPU.Build.0 = Debug|Any CPU
		{28BC02F6-102E-48A8-B936-2DD1ED848B6B}.Release|Any CPU.ActiveCfg = Release|Any CPU
		{28BC02F6-102E-48A8-B936-2DD1ED848B6B}.Release|Any CPU.Build.0 = Release|Any CPU
	EndGlobalSection
	GlobalSection(SolutionProperties) = preSolution
		HideSolutionNode = FALSE
	EndGlobalSection
	GlobalSection(ExtensibilityGlobals) = postSolution
		SolutionGuid = {87377397-0B3F-4A93-BE74-93BDBB37F109}
	EndGlobalSection
EndGlobal
